
Microsoft Visual Studio Solution File, Format Version 12.00
# Visual Studio Version 17
VisualStudioVersion = 17.1.32328.378
MinimumVisualStudioVersion = 10.0.40219.1
Project("{9A19103F-16F7-4668-BE54-9A1E7A4F7556}") = "Drona.AyushmanBharat.API", "Drona.AyushmanBharat.API\Drona.AyushmanBharat.API.csproj", "{F5847C0B-F67C-4607-90CB-C2034636E46E}"
EndProject
Project("{9A19103F-16F7-4668-BE54-9A1E7A4F7556}") = "Drona.AyushmanBharat.Domain", "Drona.AyushmanBharat.Domain\Drona.AyushmanBharat.Domain.csproj", "{5E1C5A37-C264-4C3A-B957-02D31E0FC1A9}"
EndProject
Project("{9A19103F-16F7-4668-BE54-9A1E7A4F7556}") = "Drona.AyushmanBharat.Application", "Drona.AyushmanBharat.Application\Drona.AyushmanBharat.Application.csproj", "{82BC00CE-2F62-4842-A88F-27435922AF38}"
EndProject
Project("{9A19103F-16F7-4668-BE54-9A1E7A4F7556}") = "Drona.AyushmanBharat.Infrastructure", "Drona.AyushmanBharat.Infrastructure\Drona.AyushmanBharat.Infrastructure.csproj", "{E86A1CB0-4C1B-40A7-9643-4D73157C1F83}"
EndProject
Project("{9A19103F-16F7-4668-BE54-9A1E7A4F7556}") = "Drona.AyushmanBharat.ABDMApi", "Drona.AyushmanBharat.ABDM\Drona.AyushmanBharat.ABDMApi.csproj", "{5D6ED32E-72FC-4640-81F7-A115A3D76446}"
EndProject
Project("{2150E333-8FDC-42A3-9474-1A3956D46DE8}") = "Solution Items", "Solution Items", "{75242A56-E462-4A9C-8F33-4A48915BA8C3}"
	ProjectSection(SolutionItems) = preProject
		.editorconfig = .editorconfig
	EndProjectSection
EndProject
Project("{9A19103F-16F7-4668-BE54-9A1E7A4F7556}") = "Drona.AyushmanBharat.HPR.ApiClient", "Drona.ABDM.HPR.ApiClient\Drona.AyushmanBharat.HPR.ApiClient.csproj", "{1A9C7A6F-79A6-48C6-BF04-CC84601BA90B}"
EndProject
Project("{9A19103F-16F7-4668-BE54-9A1E7A4F7556}") = "Drona.AyushmanBharat.Cache", "Drona.AyushmanBharat.Cache\Drona.AyushmanBharat.Cache.csproj", "{7242E763-972F-475F-9422-DE96E0952BE4}"
EndProject
Global
	GlobalSection(SolutionConfigurationPlatforms) = preSolution
		Debug|Any CPU = Debug|Any CPU
		Release|Any CPU = Release|Any CPU
	EndGlobalSection
	GlobalSection(ProjectConfigurationPlatforms) = postSolution
		{F5847C0B-F67C-4607-90CB-C2034636E46E}.Debug|Any CPU.ActiveCfg = Debug|Any CPU
		{F5847C0B-F67C-4607-90CB-C2034636E46E}.Debug|Any CPU.Build.0 = Debug|Any CPU
		{F5847C0B-F67C-4607-90CB-C2034636E46E}.Release|Any CPU.ActiveCfg = Release|Any CPU
		{F5847C0B-F67C-4607-90CB-C2034636E46E}.Release|Any CPU.Build.0 = Release|Any CPU
		{5E1C5A37-C264-4C3A-B957-02D31E0FC1A9}.Debug|Any CPU.ActiveCfg = Debug|Any CPU
		{5E1C5A37-C264-4C3A-B957-02D31E0FC1A9}.Debug|Any CPU.Build.0 = Debug|Any CPU
		{5E1C5A37-C264-4C3A-B957-02D31E0FC1A9}.Release|Any CPU.ActiveCfg = Release|Any CPU
		{5E1C5A37-C264-4C3A-B957-02D31E0FC1A9}.Release|Any CPU.Build.0 = Release|Any CPU
		{82BC00CE-2F62-4842-A88F-27435922AF38}.Debug|Any CPU.ActiveCfg = Debug|Any CPU
		{82BC00CE-2F62-4842-A88F-27435922AF38}.Debug|Any CPU.Build.0 = Debug|Any CPU
		{82BC00CE-2F62-4842-A88F-27435922AF38}.Release|Any CPU.ActiveCfg = Release|Any CPU
		{82BC00CE-2F62-4842-A88F-27435922AF38}.Release|Any CPU.Build.0 = Release|Any CPU
		{E86A1CB0-4C1B-40A7-9643-4D73157C1F83}.Debug|Any CPU.ActiveCfg = Debug|Any CPU
		{E86A1CB0-4C1B-40A7-9643-4D73157C1F83}.Debug|Any CPU.Build.0 = Debug|Any CPU
		{E86A1CB0-4C1B-40A7-9643-4D73157C1F83}.Release|Any CPU.ActiveCfg = Release|Any CPU
		{E86A1CB0-4C1B-40A7-9643-4D73157C1F83}.Release|Any CPU.Build.0 = Release|Any CPU
		{5D6ED32E-72FC-4640-81F7-A115A3D76446}.Debug|Any CPU.ActiveCfg = Debug|Any CPU
		{5D6ED32E-72FC-4640-81F7-A115A3D76446}.Debug|Any CPU.Build.0 = Debug|Any CPU
		{5D6ED32E-72FC-4640-81F7-A115A3D76446}.Release|Any CPU.ActiveCfg = Release|Any CPU
		{5D6ED32E-72FC-4640-81F7-A115A3D76446}.Release|Any CPU.Build.0 = Release|Any CPU
		{1A9C7A6F-79A6-48C6-BF04-CC84601BA90B}.Debug|Any CPU.ActiveCfg = Debug|Any CPU
		{1A9C7A6F-79A6-48C6-BF04-CC84601BA90B}.Debug|Any CPU.Build.0 = Debug|Any CPU
		{1A9C7A6F-79A6-48C6-BF04-CC84601BA90B}.Release|Any CPU.ActiveCfg = Release|Any CPU
		{1A9C7A6F-79A6-48C6-BF04-CC84601BA90B}.Release|Any CPU.Build.0 = Release|Any CPU
		{7242E763-972F-475F-9422-DE96E0952BE4}.Debug|Any CPU.ActiveCfg = Debug|Any CPU
		{7242E763-972F-475F-9422-DE96E0952BE4}.Debug|Any CPU.Build.0 = Debug|Any CPU
		{7242E763-972F-475F-9422-DE96E0952BE4}.Release|Any CPU.ActiveCfg = Release|Any CPU
		{7242E763-972F-475F-9422-DE96E0952BE4}.Release|Any CPU.Build.0 = Release|Any CPU
	EndGlobalSection
	GlobalSection(SolutionProperties) = preSolution
		HideSolutionNode = FALSE
	EndGlobalSection
	GlobalSection(ExtensibilityGlobals) = postSolution
		SolutionGuid = {26B35B4D-DF75-47CC-A6C0-BB4FDEA9C1E9}
	EndGlobalSection
EndGlobal
